# Generated by `stack compile`. Commit this file.
version = 1

[[bundle]]
source = "path:../bundles/pybase"
name = "pybase"
content_hash = "sha256:d24249d7c495ff93fb1061b58671bc7f6347d17b30b8dd10f141975d43086ff7"

[[bundle]]
source = "path:../bundles/obs"
name = "obs"
content_hash = "sha256:5bdc9aa4fd6e148aa2ef84fffd4a23c9a35a1b5236bbda61c5fd831b88df4501"
