# Generated by `stack compile`. Commit this file.
version = 2

[[bundle]]
source = "path:../bundles/pybase"
name = "pybase"
content_hash = "sha256:0494f750d0d53e95c18440e59accd95dec385724425c5b6115b000ae1a55c9e3"

[[bundle]]
source = "path:../bundles/obs"
name = "obs"
content_hash = "sha256:b8d7e0a25e7951ab189c6ddfc4c847a19126b9422e20844be1d731143a5b1e0b"

[[tool]]
name = "python"
requested = "3.13"
resolved = "3.13.16"
resolved_on = "macos-aarch64"

[[tool]]
name = "uv"
requested = "0.12.23"
resolved = "0.12.23"
resolved_on = "macos-aarch64"

[[tool]]
name = "jq"
requested = "1.8.2"
resolved = "1.8.2"
resolved_on = "macos-aarch64"

[[tool]]
name = "pitchfork"
requested = "2.29.0"
resolved = "2.29.0"
resolved_on = "macos-aarch64"

[[service]]
name = "postgres"
tool = "postgres"
requested = "17"
resolved = "17.11"
resolved_on = "macos-aarch64"

[[service]]
name = "redis"
tool = "redis"
requested = "8"
resolved = "8.10.2"
resolved_on = "macos-aarch64"
